
Microsoft Visual Studio Solution File, Format Version 12.00
# Visual Studio Version 17
VisualStudioVersion = 17.6.33829.357
MinimumVisualStudioVersion = 10.0.40219.1
Project("{FAE04EC0-301F-11D3-BF4B-00C04F79EFBC}") = "Account Registration", "Account Registration.csproj", "{A264352A-6675-4E20-A002-C8ADABC73441}"
EndProject
Global
	GlobalSection(SolutionConfigurationPlatforms) = preSolution
		Debug|Any CPU = Debug|Any CPU
		Release|Any CPU = Release|Any CPU
	EndGlobalSection
	GlobalSection(ProjectConfigurationPlatforms) = postSolution
		{A264352A-6675-4E20-A002-C8ADABC73441}.Debug|Any CPU.ActiveCfg = Debug|Any CPU
		{A264352A-6675-4E20-A002-C8ADABC73441}.Debug|Any CPU.Build.0 = Debug|Any CPU
		{A264352A-6675-4E20-A002-C8ADABC73441}.Release|Any CPU.ActiveCfg = Release|Any CPU
		{A264352A-6675-4E20-A002-C8ADABC73441}.Release|Any CPU.Build.0 = Release|Any CPU
	EndGlobalSection
	GlobalSection(SolutionProperties) = preSolution
		HideSolutionNode = FALSE
	EndGlobalSection
	GlobalSection(ExtensibilityGlobals) = postSolution
		SolutionGuid = {57A5653B-3AFB-44D0-8E7B-4EECD606C01C}
	EndGlobalSection
EndGlobal
